
Microsoft Visual Studio Solution File, Format Version 12.00
# Visual Studio Version 16
VisualStudioVersion = 16.0.31129.286
MinimumVisualStudioVersion = 10.0.40219.1
Project("{FAE04EC0-301F-11D3-BF4B-00C04F79EFBC}") = "TICTACTOE", "TICTACTOE\TICTACTOE.csproj", "{020501F5-EFCE-4B0D-AD09-FDDE7251804F}"
EndProject
Global
	GlobalSection(SolutionConfigurationPlatforms) = preSolution
		Debug|Any CPU = Debug|Any CPU
		Release|Any CPU = Release|Any CPU
	EndGlobalSection
	GlobalSection(ProjectConfigurationPlatforms) = postSolution
		{020501F5-EFCE-4B0D-AD09-FDDE7251804F}.Debug|Any CPU.ActiveCfg = Debug|Any CPU
		{020501F5-EFCE-4B0D-AD09-FDDE7251804F}.Debug|Any CPU.Build.0 = Debug|Any CPU
		{020501F5-EFCE-4B0D-AD09-FDDE7251804F}.Release|Any CPU.ActiveCfg = Release|Any CPU
		{020501F5-EFCE-4B0D-AD09-FDDE7251804F}.Release|Any CPU.Build.0 = Release|Any CPU
	EndGlobalSection
	GlobalSection(SolutionProperties) = preSolution
		HideSolutionNode = FALSE
	EndGlobalSection
	GlobalSection(ExtensibilityGlobals) = postSolution
		SolutionGuid = {7E79E154-56FF-4511-9FF2-2707C5FF4385}
	EndGlobalSection
EndGlobal
