
Microsoft Visual Studio Solution File, Format Version 12.00
# Visual Studio Version 16
VisualStudioVersion = 16.0.31129.286
MinimumVisualStudioVersion = 10.0.40219.1
Project("{9A19103F-16F7-4668-BE54-9A1E7A4F7556}") = "TIC TAC TOE", "WinFormsApp1\TIC TAC TOE.csproj", "{223A3FED-9403-4AB6-88ED-DE5E3E55C838}"
EndProject
Global
	GlobalSection(SolutionConfigurationPlatforms) = preSolution
		Debug|Any CPU = Debug|Any CPU
		Release|Any CPU = Release|Any CPU
	EndGlobalSection
	GlobalSection(ProjectConfigurationPlatforms) = postSolution
		{223A3FED-9403-4AB6-88ED-DE5E3E55C838}.Debug|Any CPU.ActiveCfg = Debug|Any CPU
		{223A3FED-9403-4AB6-88ED-DE5E3E55C838}.Debug|Any CPU.Build.0 = Debug|Any CPU
		{223A3FED-9403-4AB6-88ED-DE5E3E55C838}.Release|Any CPU.ActiveCfg = Release|Any CPU
		{223A3FED-9403-4AB6-88ED-DE5E3E55C838}.Release|Any CPU.Build.0 = Release|Any CPU
	EndGlobalSection
	GlobalSection(SolutionProperties) = preSolution
		HideSolutionNode = FALSE
	EndGlobalSection
	GlobalSection(ExtensibilityGlobals) = postSolution
		SolutionGuid = {64D39D2E-852A-456F-B904-9BD32503BA84}
	EndGlobalSection
EndGlobal
